
Microsoft Visual Studio Solution File, Format Version 12.00
# Visual Studio Version 17
VisualStudioVersion = 17.5.33627.172
MinimumVisualStudioVersion = 10.0.40219.1
Project("{9A19103F-16F7-4668-BE54-9A1E7A4F7556}") = "receiver", "receiver\receiver.csproj", "{BED6EBF3-760D-4258-BC77-5945BFA8C5C5}"
EndProject
Project("{9A19103F-16F7-4668-BE54-9A1E7A4F7556}") = "sender", "sender\sender.csproj", "{B002F442-A00C-4819-9173-462C24DAA3DF}"
EndProject
Global
	GlobalSection(SolutionConfigurationPlatforms) = preSolution
		Debug|Any CPU = Debug|Any CPU
		Release|Any CPU = Release|Any CPU
	EndGlobalSection
	GlobalSection(ProjectConfigurationPlatforms) = postSolution
		{BED6EBF3-760D-4258-BC77-5945BFA8C5C5}.Debug|Any CPU.ActiveCfg = Debug|Any CPU
		{BED6EBF3-760D-4258-BC77-5945BFA8C5C5}.Debug|Any CPU.Build.0 = Debug|Any CPU
		{BED6EBF3-760D-4258-BC77-5945BFA8C5C5}.Release|Any CPU.ActiveCfg = Release|Any CPU
		{BED6EBF3-760D-4258-BC77-5945BFA8C5C5}.Release|Any CPU.Build.0 = Release|Any CPU
		{B002F442-A00C-4819-9173-462C24DAA3DF}.Debug|Any CPU.ActiveCfg = Debug|Any CPU
		{B002F442-A00C-4819-9173-462C24DAA3DF}.Debug|Any CPU.Build.0 = Debug|Any CPU
		{B002F442-A00C-4819-9173-462C24DAA3DF}.Release|Any CPU.ActiveCfg = Release|Any CPU
		{B002F442-A00C-4819-9173-462C24DAA3DF}.Release|Any CPU.Build.0 = Release|Any CPU
	EndGlobalSection
	GlobalSection(SolutionProperties) = preSolution
		HideSolutionNode = FALSE
	EndGlobalSection
	GlobalSection(ExtensibilityGlobals) = postSolution
		SolutionGuid = {22A47E30-45B9-4AE9-8255-E22456DFBF45}
	EndGlobalSection
EndGlobal
